
Microsoft Visual Studio Solution File, Format Version 12.00
# Visual Studio 15
VisualStudioVersion = 15.0.28010.2036
MinimumVisualStudioVersion = 10.0.40219.1
Project("{FAE04EC0-301F-11D3-BF4B-00C04F79EFBC}") = "jediconsole", "jediconsole\jediconsole.csproj", "{90D4337B-E394-47DC-93AF-C93D481DE04E}"
EndProject
Project("{FAE04EC0-301F-11D3-BF4B-00C04F79EFBC}") = "jediforms", "jediforms\jediforms.csproj", "{9C305ECB-EEDB-4097-BAAC-1C3FE2A988C7}"
EndProject
Global
	GlobalSection(SolutionConfigurationPlatforms) = preSolution
		Debug|Any CPU = Debug|Any CPU
		Release|Any CPU = Release|Any CPU
	EndGlobalSection
	GlobalSection(ProjectConfigurationPlatforms) = postSolution
		{90D4337B-E394-47DC-93AF-C93D481DE04E}.Debug|Any CPU.ActiveCfg = Debug|Any CPU
		{90D4337B-E394-47DC-93AF-C93D481DE04E}.Debug|Any CPU.Build.0 = Debug|Any CPU
		{90D4337B-E394-47DC-93AF-C93D481DE04E}.Release|Any CPU.ActiveCfg = Release|Any CPU
		{90D4337B-E394-47DC-93AF-C93D481DE04E}.Release|Any CPU.Build.0 = Release|Any CPU
		{9C305ECB-EEDB-4097-BAAC-1C3FE2A988C7}.Debug|Any CPU.ActiveCfg = Debug|Any CPU
		{9C305ECB-EEDB-4097-BAAC-1C3FE2A988C7}.Debug|Any CPU.Build.0 = Debug|Any CPU
		{9C305ECB-EEDB-4097-BAAC-1C3FE2A988C7}.Release|Any CPU.ActiveCfg = Release|Any CPU
		{9C305ECB-EEDB-4097-BAAC-1C3FE2A988C7}.Release|Any CPU.Build.0 = Release|Any CPU
	EndGlobalSection
	GlobalSection(SolutionProperties) = preSolution
		HideSolutionNode = FALSE
	EndGlobalSection
	GlobalSection(ExtensibilityGlobals) = postSolution
		SolutionGuid = {C0770727-223B-45C5-B034-2C1CF18C3378}
	EndGlobalSection
EndGlobal
